PODS:
  - Alamofire (4.4.0)
  - NVActivityIndicatorView (3.6.0)
  - SwiftyJSON (3.1.4)

DEPENDENCIES:
  - Alamofire (~> 4.4)
  - NVActivityIndicatorView (~> 3.0)
  - SwiftyJSON

SPEC CHECKSUMS:
  Alamofire: dc44b1600b800eb63da6a19039a0083d62a6a62d
  NVActivityIndicatorView: c7c1c4300b418bd9ed06459e78d4df859ddbe31f
  SwiftyJSON: c2842d878f95482ffceec5709abc3d05680c0220

PODFILE CHECKSUM: f68a65c171ab8918b9d29e28bce712dae53ff399

COCOAPODS: 1.1.1
