// !$*UTF8*$!
{
	archiveVersion = 1;
	classes = {
	};
	objectVersion = 46;
	objects = {

/* Begin PBXBuildFile section */
		3D07454C1EB489520016F3E6 /* pokemon_types.csv in Resources */ = {isa = PBXBuildFile; fileRef = 3D07454B1EB489520016F3E6 /* pokemon_types.csv */; };
		3D07454E1EB48F0B0016F3E6 /* pokemon_species.csv in Resources */ = {isa = PBXBuildFile; fileRef = 3D07454D1EB48F0B0016F3E6 /* pokemon_species.csv */; };
		3D0745541EB4A0BB0016F3E6 /* pokemon_species_names.csv in Resources */ = {isa = PBXBuildFile; fileRef = 3D0745531EB4A0BB0016F3E6 /* pokemon_species_names.csv */; };
		3D0745561EB4A8930016F3E6 /* pokemon.csv in Resources */ = {isa = PBXBuildFile; fileRef = 3D0745551EB4A8930016F3E6 /* pokemon.csv */; };
		3D0E67121E97E8F200C9F07E /* PokedexTableViewController.swift in Sources */ = {isa = PBXBuildFile; fileRef = 3D0E67111E97E8F200C9F07E /* PokedexTableViewController.swift */; };
		3D0E67141E97E91800C9F07E /* PokedexTableViewCell.swift in Sources */ = {isa = PBXBuildFile; fileRef = 3D0E67131E97E91800C9F07E /* PokedexTableViewCell.swift */; };
		3D202FBE1EC0C67F007450B9 /* Pokemon+CoreDataClass.swift in Sources */ = {isa = PBXBuildFile; fileRef = 3D202FBA1EC0C67F007450B9 /* Pokemon+CoreDataClass.swift */; };
		3D202FBF1EC0C67F007450B9 /* Pokemon+CoreDataProperties.swift in Sources */ = {isa = PBXBuildFile; fileRef = 3D202FBB1EC0C67F007450B9 /* Pokemon+CoreDataProperties.swift */; };
		3D202FC01EC0C67F007450B9 /* PokemonDetail+CoreDataClass.swift in Sources */ = {isa = PBXBuildFile; fileRef = 3D202FBC1EC0C67F007450B9 /* PokemonDetail+CoreDataClass.swift */; };
		3D202FC11EC0C67F007450B9 /* PokemonDetail+CoreDataProperties.swift in Sources */ = {isa = PBXBuildFile; fileRef = 3D202FBD1EC0C67F007450B9 /* PokemonDetail+CoreDataProperties.swift */; };
		3D202FC61EC6022F007450B9 /* pokemon_abilities.csv in Resources */ = {isa = PBXBuildFile; fileRef = 3D202FC51EC6022E007450B9 /* pokemon_abilities.csv */; };
		3D202FC81EC61CD2007450B9 /* abilities.csv in Resources */ = {isa = PBXBuildFile; fileRef = 3D202FC71EC61CD2007450B9 /* abilities.csv */; };
		3D202FD51EC61EE1007450B9 /* PokemonAbilities+CoreDataClass.swift in Sources */ = {isa = PBXBuildFile; fileRef = 3D202FD11EC61EE1007450B9 /* PokemonAbilities+CoreDataClass.swift */; };
		3D202FD61EC61EE1007450B9 /* PokemonAbilities+CoreDataProperties.swift in Sources */ = {isa = PBXBuildFile; fileRef = 3D202FD21EC61EE1007450B9 /* PokemonAbilities+CoreDataProperties.swift */; };
		3D202FD71EC61EE1007450B9 /* Ability+CoreDataClass.swift in Sources */ = {isa = PBXBuildFile; fileRef = 3D202FD31EC61EE1007450B9 /* Ability+CoreDataClass.swift */; };
		3D202FD81EC61EE1007450B9 /* Ability+CoreDataProperties.swift in Sources */ = {isa = PBXBuildFile; fileRef = 3D202FD41EC61EE1007450B9 /* Ability+CoreDataProperties.swift */; };
		3D2281671EBCCE8200B440DF /* String+Extension.swift in Sources */ = {isa = PBXBuildFile; fileRef = 3D2281661EBCCE8200B440DF /* String+Extension.swift */; };
		3D22816C1EBCE07600B440DF /* csv.swift in Sources */ = {isa = PBXBuildFile; fileRef = 3D22816B1EBCE07600B440DF /* csv.swift */; };
		3D22816E1EBDF76B00B440DF /* Abilities.xib in Resources */ = {isa = PBXBuildFile; fileRef = 3D22816D1EBDF76B00B440DF /* Abilities.xib */; };
		3D2281701EBDF78500B440DF /* Abilities.swift in Sources */ = {isa = PBXBuildFile; fileRef = 3D22816F1EBDF78500B440DF /* Abilities.swift */; };
		3D2281731EC0A1B700B440DF /* MegaEvolution.xib in Resources */ = {isa = PBXBuildFile; fileRef = 3D2281721EC0A1B600B440DF /* MegaEvolution.xib */; };
		3D2281751EC0A1E100B440DF /* MegaEvolution.swift in Sources */ = {isa = PBXBuildFile; fileRef = 3D2281741EC0A1E100B440DF /* MegaEvolution.swift */; };
		3D2C64CA1E99E1110077181C /* Capsule.swift in Sources */ = {isa = PBXBuildFile; fileRef = 3D2C64C91E99E1110077181C /* Capsule.swift */; };
		3D2C64CC1E99E12D0077181C /* Capsule.xib in Resources */ = {isa = PBXBuildFile; fileRef = 3D2C64CB1E99E12D0077181C /* Capsule.xib */; };
		3D2C64D11E9A07570077181C /* UIColor+Hex.swift in Sources */ = {isa = PBXBuildFile; fileRef = 3D2C64D01E9A07570077181C /* UIColor+Hex.swift */; };
		3D3CC6B91E9A2BB8000A1AE1 /* Parser.swift in Sources */ = {isa = PBXBuildFile; fileRef = 3D3CC6B81E9A2BB8000A1AE1 /* Parser.swift */; };
		3D3CC6BB1E9A2DF1000A1AE1 /* ServerController.swift in Sources */ = {isa = PBXBuildFile; fileRef = 3D3CC6BA1E9A2DF1000A1AE1 /* ServerController.swift */; };
		3D3CC6BD1E9A7D27000A1AE1 /* Enums.swift in Sources */ = {isa = PBXBuildFile; fileRef = 3D3CC6BC1E9A7D27000A1AE1 /* Enums.swift */; };
		3D3CC6BF1E9A7F4E000A1AE1 /* Common.swift in Sources */ = {isa = PBXBuildFile; fileRef = 3D3CC6BE1E9A7F4E000A1AE1 /* Common.swift */; };
		3D60CB3F1E9A1B8D009C565A /* DataManager.swift in Sources */ = {isa = PBXBuildFile; fileRef = 3D60CB3E1E9A1B8D009C565A /* DataManager.swift */; };
		3D60CB411E9A1C0C009C565A /* FileManager+Document.swift in Sources */ = {isa = PBXBuildFile; fileRef = 3D60CB401E9A1C0C009C565A /* FileManager+Document.swift */; };
		3D7EBC9C1EA0EEE6004188F0 /* LoadingScreen.swift in Sources */ = {isa = PBXBuildFile; fileRef = 3D7EBC9B1EA0EEE6004188F0 /* LoadingScreen.swift */; };
		3D95DF7E1E90E51D008B72EC /* AppDelegate.swift in Sources */ = {isa = PBXBuildFile; fileRef = 3D95DF7D1E90E51D008B72EC /* AppDelegate.swift */; };
		3D95DF831E90E51D008B72EC /* Main.storyboard in Resources */ = {isa = PBXBuildFile; fileRef = 3D95DF811E90E51D008B72EC /* Main.storyboard */; };
		3D95DF861E90E51D008B72EC /* pokedexx.xcdatamodeld in Sources */ = {isa = PBXBuildFile; fileRef = 3D95DF841E90E51D008B72EC /* pokedexx.xcdatamodeld */; };
		3D95DF881E90E51D008B72EC /* Assets.xcassets in Resources */ = {isa = PBXBuildFile; fileRef = 3D95DF871E90E51D008B72EC /* Assets.xcassets */; };
		3D95DF8B1E90E51D008B72EC /* LaunchScreen.storyboard in Resources */ = {isa = PBXBuildFile; fileRef = 3D95DF891E90E51D008B72EC /* LaunchScreen.storyboard */; };
		3D95DF971E90E708008B72EC /* Constants.swift in Sources */ = {isa = PBXBuildFile; fileRef = 3D95DF961E90E708008B72EC /* Constants.swift */; };
		3D95DF9A1E90EB0D008B72EC /* PokemonDao.swift in Sources */ = {isa = PBXBuildFile; fileRef = 3D95DF991E90EB0D008B72EC /* PokemonDao.swift */; };
		3D95DF9F1E90EF48008B72EC /* pokemon.xcassets in Resources */ = {isa = PBXBuildFile; fileRef = 3D95DF9E1E90EF48008B72EC /* pokemon.xcassets */; };
		3DDEB16B1EBB645600371C33 /* EvolutionItem.swift in Sources */ = {isa = PBXBuildFile; fileRef = 3DDEB16A1EBB645600371C33 /* EvolutionItem.swift */; };
		3DDEB16D1EBB647000371C33 /* EvolutionItem.xib in Resources */ = {isa = PBXBuildFile; fileRef = 3DDEB16C1EBB647000371C33 /* EvolutionItem.xib */; };
		3DDEB1701EBB706000371C33 /* EvolutionChain.xib in Resources */ = {isa = PBXBuildFile; fileRef = 3DDEB16F1EBB706000371C33 /* EvolutionChain.xib */; };
		3DDEB1721EBB707000371C33 /* EvolutionChain.swift in Sources */ = {isa = PBXBuildFile; fileRef = 3DDEB1711EBB707000371C33 /* EvolutionChain.swift */; };
		3DDEB17B1EBCCB0100371C33 /* pokemon_species_flavor_text.csv in Resources */ = {isa = PBXBuildFile; fileRef = 3DDEB17A1EBCCB0100371C33 /* pokemon_species_flavor_text.csv */; };
		3DF326C11E98E1DC0020836F /* PokemonDetailViewController.swift in Sources */ = {isa = PBXBuildFile; fileRef = 3DF326C01E98E1DC0020836F /* PokemonDetailViewController.swift */; };
		D8CC0D41615470515A5BACE7 /* Pods_pokedexx.framework in Frameworks */ = {isa = PBXBuildFile; fileRef = 655BE2415CAACD4F054E7734 /* Pods_pokedexx.framework */; };
/* End PBXBuildFile section */

/* Begin PBXFileReference section */
		1E5514574E355BDCEB6112AA /* Pods-pokedexx.release.xcconfig */ = {isa = PBXFileReference; includeInIndex = 1; lastKnownFileType = text.xcconfig; name = "Pods-pokedexx.release.xcconfig"; path = "Pods/Target Support Files/Pods-pokedexx/Pods-pokedexx.release.xcconfig"; sourceTree = "<group>"; };
		3D07454B1EB489520016F3E6 /* pokemon_types.csv */ = {isa = PBXFileReference; fileEncoding = 4; lastKnownFileType = text; path = pokemon_types.csv; sourceTree = "<group>"; };
		3D07454D1EB48F0B0016F3E6 /* pokemon_species.csv */ = {isa = PBXFileReference; fileEncoding = 4; lastKnownFileType = text; path = pokemon_species.csv; sourceTree = "<group>"; };
		3D0745531EB4A0BB0016F3E6 /* pokemon_species_names.csv */ = {isa = PBXFileReference; fileEncoding = 4; lastKnownFileType = text; path = pokemon_species_names.csv; sourceTree = "<group>"; };
		3D0745551EB4A8930016F3E6 /* pokemon.csv */ = {isa = PBXFileReference; fileEncoding = 4; lastKnownFileType = text; path = pokemon.csv; sourceTree = "<group>"; };
		3D0E67111E97E8F200C9F07E /* PokedexTableViewController.swift */ = {isa = PBXFileReference; fileEncoding = 4; lastKnownFileType = sourcecode.swift; path = PokedexTableViewController.swift; sourceTree = "<group>"; };
		3D0E67131E97E91800C9F07E /* PokedexTableViewCell.swift */ = {isa = PBXFileReference; fileEncoding = 4; lastKnownFileType = sourcecode.swift; path = PokedexTableViewCell.swift; sourceTree = "<group>"; };
		3D202FBA1EC0C67F007450B9 /* Pokemon+CoreDataClass.swift */ = {isa = PBXFileReference; fileEncoding = 4; lastKnownFileType = sourcecode.swift; path = "Pokemon+CoreDataClass.swift"; sourceTree = "<group>"; };
		3D202FBB1EC0C67F007450B9 /* Pokemon+CoreDataProperties.swift */ = {isa = PBXFileReference; fileEncoding = 4; lastKnownFileType = sourcecode.swift; path = "Pokemon+CoreDataProperties.swift"; sourceTree = "<group>"; };
		3D202FBC1EC0C67F007450B9 /* PokemonDetail+CoreDataClass.swift */ = {isa = PBXFileReference; fileEncoding = 4; lastKnownFileType = sourcecode.swift; path = "PokemonDetail+CoreDataClass.swift"; sourceTree = "<group>"; };
		3D202FBD1EC0C67F007450B9 /* PokemonDetail+CoreDataProperties.swift */ = {isa = PBXFileReference; fileEncoding = 4; lastKnownFileType = sourcecode.swift; path = "PokemonDetail+CoreDataProperties.swift"; sourceTree = "<group>"; };
		3D202FC51EC6022E007450B9 /* pokemon_abilities.csv */ = {isa = PBXFileReference; fileEncoding = 4; lastKnownFileType = text; name = pokemon_abilities.csv; path = ../../pokemon_abilities.csv; sourceTree = "<group>"; };
		3D202FC71EC61CD2007450B9 /* abilities.csv */ = {isa = PBXFileReference; fileEncoding = 4; lastKnownFileType = text; path = abilities.csv; sourceTree = "<group>"; };
		3D202FD11EC61EE1007450B9 /* PokemonAbilities+CoreDataClass.swift */ = {isa = PBXFileReference; fileEncoding = 4; lastKnownFileType = sourcecode.swift; path = "PokemonAbilities+CoreDataClass.swift"; sourceTree = "<group>"; };
		3D202FD21EC61EE1007450B9 /* PokemonAbilities+CoreDataProperties.swift */ = {isa = PBXFileReference; fileEncoding = 4; lastKnownFileType = sourcecode.swift; path = "PokemonAbilities+CoreDataProperties.swift"; sourceTree = "<group>"; };
		3D202FD31EC61EE1007450B9 /* Ability+CoreDataClass.swift */ = {isa = PBXFileReference; fileEncoding = 4; lastKnownFileType = sourcecode.swift; path = "Ability+CoreDataClass.swift"; sourceTree = "<group>"; };
		3D202FD41EC61EE1007450B9 /* Ability+CoreDataProperties.swift */ = {isa = PBXFileReference; fileEncoding = 4; lastKnownFileType = sourcecode.swift; path = "Ability+CoreDataProperties.swift"; sourceTree = "<group>"; };
		3D2281661EBCCE8200B440DF /* String+Extension.swift */ = {isa = PBXFileReference; fileEncoding = 4; lastKnownFileType = sourcecode.swift; path = "String+Extension.swift"; sourceTree = "<group>"; };
		3D22816B1EBCE07600B440DF /* csv.swift */ = {isa = PBXFileReference; fileEncoding = 4; lastKnownFileType = sourcecode.swift; path = csv.swift; sourceTree = "<group>"; };
		3D22816D1EBDF76B00B440DF /* Abilities.xib */ = {isa = PBXFileReference; fileEncoding = 4; lastKnownFileType = file.xib; path = Abilities.xib; sourceTree = "<group>"; };
		3D22816F1EBDF78500B440DF /* Abilities.swift */ = {isa = PBXFileReference; fileEncoding = 4; lastKnownFileType = sourcecode.swift; path = Abilities.swift; sourceTree = "<group>"; };
		3D2281721EC0A1B600B440DF /* MegaEvolution.xib */ = {isa = PBXFileReference; fileEncoding = 4; lastKnownFileType = file.xib; path = MegaEvolution.xib; sourceTree = "<group>"; };
		3D2281741EC0A1E100B440DF /* MegaEvolution.swift */ = {isa = PBXFileReference; fileEncoding = 4; lastKnownFileType = sourcecode.swift; path = MegaEvolution.swift; sourceTree = "<group>"; };
		3D2C64C91E99E1110077181C /* Capsule.swift */ = {isa = PBXFileReference; fileEncoding = 4; lastKnownFileType = sourcecode.swift; path = Capsule.swift; sourceTree = "<group>"; };
		3D2C64CB1E99E12D0077181C /* Capsule.xib */ = {isa = PBXFileReference; fileEncoding = 4; lastKnownFileType = file.xib; path = Capsule.xib; sourceTree = "<group>"; };
		3D2C64D01E9A07570077181C /* UIColor+Hex.swift */ = {isa = PBXFileReference; fileEncoding = 4; lastKnownFileType = sourcecode.swift; path = "UIColor+Hex.swift"; sourceTree = "<group>"; };
		3D3CC6B81E9A2BB8000A1AE1 /* Parser.swift */ = {isa = PBXFileReference; fileEncoding = 4; lastKnownFileType = sourcecode.swift; path = Parser.swift; sourceTree = "<group>"; };
		3D3CC6BA1E9A2DF1000A1AE1 /* ServerController.swift */ = {isa = PBXFileReference; fileEncoding = 4; lastKnownFileType = sourcecode.swift; path = ServerController.swift; sourceTree = "<group>"; };
		3D3CC6BC1E9A7D27000A1AE1 /* Enums.swift */ = {isa = PBXFileReference; fileEncoding = 4; lastKnownFileType = sourcecode.swift; path = Enums.swift; sourceTree = "<group>"; };
		3D3CC6BE1E9A7F4E000A1AE1 /* Common.swift */ = {isa = PBXFileReference; fileEncoding = 4; lastKnownFileType = sourcecode.swift; path = Common.swift; sourceTree = "<group>"; };
		3D60CB3E1E9A1B8D009C565A /* DataManager.swift */ = {isa = PBXFileReference; fileEncoding = 4; lastKnownFileType = sourcecode.swift; path = DataManager.swift; sourceTree = "<group>"; };
		3D60CB401E9A1C0C009C565A /* FileManager+Document.swift */ = {isa = PBXFileReference; fileEncoding = 4; lastKnownFileType = sourcecode.swift; path = "FileManager+Document.swift"; sourceTree = "<group>"; };
		3D7EBC9B1EA0EEE6004188F0 /* LoadingScreen.swift */ = {isa = PBXFileReference; fileEncoding = 4; lastKnownFileType = sourcecode.swift; path = LoadingScreen.swift; sourceTree = "<group>"; };
		3D95DF7A1E90E51D008B72EC /* pokedexx.app */ = {isa = PBXFileReference; explicitFileType = wrapper.application; includeInIndex = 0; path = pokedexx.app; sourceTree = BUILT_PRODUCTS_DIR; };
		3D95DF7D1E90E51D008B72EC /* AppDelegate.swift */ = {isa = PBXFileReference; lastKnownFileType = sourcecode.swift; path = AppDelegate.swift; sourceTree = "<group>"; };
		3D95DF821E90E51D008B72EC /* Base */ = {isa = PBXFileReference; lastKnownFileType = file.storyboard; name = Base; path = Base.lproj/Main.storyboard; sourceTree = "<group>"; };
		3D95DF851E90E51D008B72EC /* pokedexx.xcdatamodel */ = {isa = PBXFileReference; lastKnownFileType = wrapper.xcdatamodel; path = pokedexx.xcdatamodel; sourceTree = "<group>"; };
		3D95DF871E90E51D008B72EC /* Assets.xcassets */ = {isa = PBXFileReference; lastKnownFileType = folder.assetcatalog; path = Assets.xcassets; sourceTree = "<group>"; };
		3D95DF8A1E90E51D008B72EC /* Base */ = {isa = PBXFileReference; lastKnownFileType = file.storyboard; name = Base; path = Base.lproj/LaunchScreen.storyboard; sourceTree = "<group>"; };
		3D95DF8C1E90E51D008B72EC /* Info.plist */ = {isa = PBXFileReference; lastKnownFileType = text.plist.xml; path = Info.plist; sourceTree = "<group>"; };
		3D95DF961E90E708008B72EC /* Constants.swift */ = {isa = PBXFileReference; fileEncoding = 4; lastKnownFileType = sourcecode.swift; path = Constants.swift; sourceTree = "<group>"; };
		3D95DF991E90EB0D008B72EC /* PokemonDao.swift */ = {isa = PBXFileReference; fileEncoding = 4; lastKnownFileType = sourcecode.swift; path = PokemonDao.swift; sourceTree = "<group>"; };
		3D95DF9E1E90EF48008B72EC /* pokemon.xcassets */ = {isa = PBXFileReference; lastKnownFileType = folder.assetcatalog; path = pokemon.xcassets; sourceTree = "<group>"; };
		3DDEB16A1EBB645600371C33 /* EvolutionItem.swift */ = {isa = PBXFileReference; fileEncoding = 4; lastKnownFileType = sourcecode.swift; path = EvolutionItem.swift; sourceTree = "<group>"; };
		3DDEB16C1EBB647000371C33 /* EvolutionItem.xib */ = {isa = PBXFileReference; fileEncoding = 4; lastKnownFileType = file.xib; path = EvolutionItem.xib; sourceTree = "<group>"; };
		3DDEB16F1EBB706000371C33 /* EvolutionChain.xib */ = {isa = PBXFileReference; fileEncoding = 4; lastKnownFileType = file.xib; path = EvolutionChain.xib; sourceTree = "<group>"; };
		3DDEB1711EBB707000371C33 /* EvolutionChain.swift */ = {isa = PBXFileReference; fileEncoding = 4; lastKnownFileType = sourcecode.swift; path = EvolutionChain.swift; sourceTree = "<group>"; };
		3DDEB17A1EBCCB0100371C33 /* pokemon_species_flavor_text.csv */ = {isa = PBXFileReference; fileEncoding = 4; lastKnownFileType = text; path = pokemon_species_flavor_text.csv; sourceTree = "<group>"; };
		3DF326C01E98E1DC0020836F /* PokemonDetailViewController.swift */ = {isa = PBXFileReference; fileEncoding = 4; lastKnownFileType = sourcecode.swift; path = PokemonDetailViewController.swift; sourceTree = "<group>"; };
		655BE2415CAACD4F054E7734 /* Pods_pokedexx.framework */ = {isa = PBXFileReference; explicitFileType = wrapper.framework; includeInIndex = 0; path = Pods_pokedexx.framework; sourceTree = BUILT_PRODUCTS_DIR; };
		88561750F5AF142B7F458BF1 /* Pods-pokedexx.debug.xcconfig */ = {isa = PBXFileReference; includeInIndex = 1; lastKnownFileType = text.xcconfig; name = "Pods-pokedexx.debug.xcconfig"; path = "Pods/Target Support Files/Pods-pokedexx/Pods-pokedexx.debug.xcconfig"; sourceTree = "<group>"; };
/* End PBXFileReference section */

/* Begin PBXFrameworksBuildPhase section */
		3D95DF771E90E51D008B72EC /* Frameworks */ = {
			isa = PBXFrameworksBuildPhase;
			buildActionMask = 2147483647;
			files = (
				D8CC0D41615470515A5BACE7 /* Pods_pokedexx.framework in Frameworks */,
			);
			runOnlyForDeploymentPostprocessing = 0;
		};
/* End PBXFrameworksBuildPhase section */

/* Begin PBXGroup section */
		3D202FC21EC0C6F7007450B9 /* Properties */ = {
			isa = PBXGroup;
			children = (
				3D202FD21EC61EE1007450B9 /* PokemonAbilities+CoreDataProperties.swift */,
				3D202FD41EC61EE1007450B9 /* Ability+CoreDataProperties.swift */,
				3D202FBD1EC0C67F007450B9 /* PokemonDetail+CoreDataProperties.swift */,
				3D202FBB1EC0C67F007450B9 /* Pokemon+CoreDataProperties.swift */,
			);
			name = Properties;
			sourceTree = "<group>";
		};
		3D2281711EBDF79D00B440DF /* Abilities */ = {
			isa = PBXGroup;
			children = (
				3D22816F1EBDF78500B440DF /* Abilities.swift */,
				3D22816D1EBDF76B00B440DF /* Abilities.xib */,
			);
			name = Abilities;
			sourceTree = "<group>";
		};
		3D2281761EC0A1E600B440DF /* MegaEvolution */ = {
			isa = PBXGroup;
			children = (
				3D2281741EC0A1E100B440DF /* MegaEvolution.swift */,
				3D2281721EC0A1B600B440DF /* MegaEvolution.xib */,
			);
			name = MegaEvolution;
			sourceTree = "<group>";
		};
		3D2C64CD1E99E1330077181C /* Capsule */ = {
			isa = PBXGroup;
			children = (
				3D2C64C91E99E1110077181C /* Capsule.swift */,
				3D2C64CB1E99E12D0077181C /* Capsule.xib */,
			);
			name = Capsule;
			sourceTree = "<group>";
		};
		3D95DF711E90E51D008B72EC = {
			isa = PBXGroup;
			children = (
				3D95DF7C1E90E51D008B72EC /* pokedexx */,
				3D95DF7B1E90E51D008B72EC /* Products */,
				DCC442F05F9C27DA144BFF4D /* Frameworks */,
				F6CC6B1D6EEC8648C5179C11 /* Pods */,
			);
			sourceTree = "<group>";
		};
		3D95DF7B1E90E51D008B72EC /* Products */ = {
			isa = PBXGroup;
			children = (
				3D95DF7A1E90E51D008B72EC /* pokedexx.app */,
			);
			name = Products;
			sourceTree = "<group>";
		};
		3D95DF7C1E90E51D008B72EC /* pokedexx */ = {
			isa = PBXGroup;
			children = (
				3DFBB2AA1EB0E49100016C66 /* csv */,
				3D95DF9D1E90EEC3008B72EC /* Application */,
				3D95DF9C1E90EEA3008B72EC /* Controllers */,
				3D95DF9B1E90EE95008B72EC /* Views */,
				3D95DF981E90EAF9008B72EC /* Models */,
				3D95DF951E90E6EA008B72EC /* Utilities */,
				3D95DF921E90E6A5008B72EC /* Helpers */,
				3D95DF871E90E51D008B72EC /* Assets.xcassets */,
				3D95DF9E1E90EF48008B72EC /* pokemon.xcassets */,
			);
			path = pokedexx;
			sourceTree = "<group>";
		};
		3D95DF921E90E6A5008B72EC /* Helpers */ = {
			isa = PBXGroup;
			children = (
				3D60CB3E1E9A1B8D009C565A /* DataManager.swift */,
				3D2C64D01E9A07570077181C /* UIColor+Hex.swift */,
				3D2281661EBCCE8200B440DF /* String+Extension.swift */,
				3D60CB401E9A1C0C009C565A /* FileManager+Document.swift */,
			);
			name = Helpers;
			sourceTree = "<group>";
		};
		3D95DF951E90E6EA008B72EC /* Utilities */ = {
			isa = PBXGroup;
			children = (
				3D95DF961E90E708008B72EC /* Constants.swift */,
				3D3CC6B81E9A2BB8000A1AE1 /* Parser.swift */,
				3D3CC6BA1E9A2DF1000A1AE1 /* ServerController.swift */,
				3D3CC6BC1E9A7D27000A1AE1 /* Enums.swift */,
				3D3CC6BE1E9A7F4E000A1AE1 /* Common.swift */,
			);
			name = Utilities;
			sourceTree = "<group>";
		};
		3D95DF981E90EAF9008B72EC /* Models */ = {
			isa = PBXGroup;
			children = (
				3D95DF841E90E51D008B72EC /* pokedexx.xcdatamodeld */,
				3D95DF991E90EB0D008B72EC /* PokemonDao.swift */,
				3D202FD11EC61EE1007450B9 /* PokemonAbilities+CoreDataClass.swift */,
				3D202FD31EC61EE1007450B9 /* Ability+CoreDataClass.swift */,
				3D202FBA1EC0C67F007450B9 /* Pokemon+CoreDataClass.swift */,
				3D202FBC1EC0C67F007450B9 /* PokemonDetail+CoreDataClass.swift */,
				3D202FC21EC0C6F7007450B9 /* Properties */,
			);
			name = Models;
			sourceTree = "<group>";
		};
		3D95DF9B1E90EE95008B72EC /* Views */ = {
			isa = PBXGroup;
			children = (
				3DDEB16E1EBB650900371C33 /* EvolutionItem */,
				3DDEB1731EBB70A600371C33 /* EvolutionChain */,
				3D2281761EC0A1E600B440DF /* MegaEvolution */,
				3D2281711EBDF79D00B440DF /* Abilities */,
				3D2C64CD1E99E1330077181C /* Capsule */,
				3D95DF811E90E51D008B72EC /* Main.storyboard */,
				3D95DF891E90E51D008B72EC /* LaunchScreen.storyboard */,
			);
			name = Views;
			sourceTree = "<group>";
		};
		3D95DF9C1E90EEA3008B72EC /* Controllers */ = {
			isa = PBXGroup;
			children = (
				3D7EBC9B1EA0EEE6004188F0 /* LoadingScreen.swift */,
				3D0E67111E97E8F200C9F07E /* PokedexTableViewController.swift */,
				3D0E67131E97E91800C9F07E /* PokedexTableViewCell.swift */,
				3DF326C01E98E1DC0020836F /* PokemonDetailViewController.swift */,
			);
			name = Controllers;
			sourceTree = "<group>";
		};
		3D95DF9D1E90EEC3008B72EC /* Application */ = {
			isa = PBXGroup;
			children = (
				3D95DF7D1E90E51D008B72EC /* AppDelegate.swift */,
				3D95DF8C1E90E51D008B72EC /* Info.plist */,
			);
			name = Application;
			sourceTree = "<group>";
		};
		3DDEB16E1EBB650900371C33 /* EvolutionItem */ = {
			isa = PBXGroup;
			children = (
				3DDEB16A1EBB645600371C33 /* EvolutionItem.swift */,
				3DDEB16C1EBB647000371C33 /* EvolutionItem.xib */,
			);
			name = EvolutionItem;
			sourceTree = "<group>";
		};
		3DDEB1731EBB70A600371C33 /* EvolutionChain */ = {
			isa = PBXGroup;
			children = (
				3DDEB1711EBB707000371C33 /* EvolutionChain.swift */,
				3DDEB16F1EBB706000371C33 /* EvolutionChain.xib */,
			);
			name = EvolutionChain;
			sourceTree = "<group>";
		};
		3DFBB2AA1EB0E49100016C66 /* csv */ = {
			isa = PBXGroup;
			children = (
				3D202FC71EC61CD2007450B9 /* abilities.csv */,
				3D0745551EB4A8930016F3E6 /* pokemon.csv */,
				3D07454B1EB489520016F3E6 /* pokemon_types.csv */,
				3D07454D1EB48F0B0016F3E6 /* pokemon_species.csv */,
				3D0745531EB4A0BB0016F3E6 /* pokemon_species_names.csv */,
				3DDEB17A1EBCCB0100371C33 /* pokemon_species_flavor_text.csv */,
				3D202FC51EC6022E007450B9 /* pokemon_abilities.csv */,
				3D22816B1EBCE07600B440DF /* csv.swift */,
			);
			name = csv;
			sourceTree = "<group>";
		};
		DCC442F05F9C27DA144BFF4D /* Frameworks */ = {
			isa = PBXGroup;
			children = (
				655BE2415CAACD4F054E7734 /* Pods_pokedexx.framework */,
			);
			name = Frameworks;
			sourceTree = "<group>";
		};
		F6CC6B1D6EEC8648C5179C11 /* Pods */ = {
			isa = PBXGroup;
			children = (
				88561750F5AF142B7F458BF1 /* Pods-pokedexx.debug.xcconfig */,
				1E5514574E355BDCEB6112AA /* Pods-pokedexx.release.xcconfig */,
			);
			name = Pods;
			sourceTree = "<group>";
		};
/* End PBXGroup section */

/* Begin PBXNativeTarget section */
		3D95DF791E90E51D008B72EC /* pokedexx */ = {
			isa = PBXNativeTarget;
			buildConfigurationList = 3D95DF8F1E90E51D008B72EC /* Build configuration list for PBXNativeTarget "pokedexx" */;
			buildPhases = (
				BA42AE2AE95117DD570CAC98 /* [CP] Check Pods Manifest.lock */,
				3D95DF761E90E51D008B72EC /* Sources */,
				3D95DF771E90E51D008B72EC /* Frameworks */,
				3D95DF781E90E51D008B72EC /* Resources */,
				1A0F1A9739D45F80FB76BEA0 /* [CP] Embed Pods Frameworks */,
				A6E1D2E0196F8E621018756F /* [CP] Copy Pods Resources */,
			);
			buildRules = (
			);
			dependencies = (
			);
			name = pokedexx;
			productName = pokedexx;
			productReference = 3D95DF7A1E90E51D008B72EC /* pokedexx.app */;
			productType = "com.apple.product-type.application";
		};
/* End PBXNativeTarget section */

/* Begin PBXProject section */
		3D95DF721E90E51D008B72EC /* Project object */ = {
			isa = PBXProject;
			attributes = {
				LastSwiftUpdateCheck = 0810;
				LastUpgradeCheck = 0810;
				ORGANIZATIONNAME = binsnoel;
				TargetAttributes = {
					3D95DF791E90E51D008B72EC = {
						CreatedOnToolsVersion = 8.1;
						DevelopmentTeam = 52JSFZ9F97;
						ProvisioningStyle = Automatic;
					};
				};
			};
			buildConfigurationList = 3D95DF751E90E51D008B72EC /* Build configuration list for PBXProject "pokedexx" */;
			compatibilityVersion = "Xcode 3.2";
			developmentRegion = English;
			hasScannedForEncodings = 0;
			knownRegions = (
				en,
				Base,
			);
			mainGroup = 3D95DF711E90E51D008B72EC;
			productRefGroup = 3D95DF7B1E90E51D008B72EC /* Products */;
			projectDirPath = "";
			projectRoot = "";
			targets = (
				3D95DF791E90E51D008B72EC /* pokedexx */,
			);
		};
/* End PBXProject section */

/* Begin PBXResourcesBuildPhase section */
		3D95DF781E90E51D008B72EC /* Resources */ = {
			isa = PBXResourcesBuildPhase;
			buildActionMask = 2147483647;
			files = (
				3D95DF8B1E90E51D008B72EC /* LaunchScreen.storyboard in Resources */,
				3DDEB16D1EBB647000371C33 /* EvolutionItem.xib in Resources */,
				3DDEB17B1EBCCB0100371C33 /* pokemon_species_flavor_text.csv in Resources */,
				3D07454E1EB48F0B0016F3E6 /* pokemon_species.csv in Resources */,
				3DDEB1701EBB706000371C33 /* EvolutionChain.xib in Resources */,
				3D07454C1EB489520016F3E6 /* pokemon_types.csv in Resources */,
				3D0745541EB4A0BB0016F3E6 /* pokemon_species_names.csv in Resources */,
				3D22816E1EBDF76B00B440DF /* Abilities.xib in Resources */,
				3D2C64CC1E99E12D0077181C /* Capsule.xib in Resources */,
				3D202FC61EC6022F007450B9 /* pokemon_abilities.csv in Resources */,
				3D95DF9F1E90EF48008B72EC /* pokemon.xcassets in Resources */,
				3D95DF881E90E51D008B72EC /* Assets.xcassets in Resources */,
				3D2281731EC0A1B700B440DF /* MegaEvolution.xib in Resources */,
				3D202FC81EC61CD2007450B9 /* abilities.csv in Resources */,
				3D0745561EB4A8930016F3E6 /* pokemon.csv in Resources */,
				3D95DF831E90E51D008B72EC /* Main.storyboard in Resources */,
			);
			runOnlyForDeploymentPostprocessing = 0;
		};
/* End PBXResourcesBuildPhase section */

/* Begin PBXShellScriptBuildPhase section */
		1A0F1A9739D45F80FB76BEA0 /* [CP] Embed Pods Frameworks */ = {
			isa = PBXShellScriptBuildPhase;
			buildActionMask = 2147483647;
			files = (
			);
			inputPaths = (
			);
			name = "[CP] Embed Pods Frameworks";
			outputPaths = (
			);
			runOnlyForDeploymentPostprocessing = 0;
			shellPath = /bin/sh;
			shellScript = "\"${SRCROOT}/Pods/Target Support Files/Pods-pokedexx/Pods-pokedexx-frameworks.sh\"\n";
			showEnvVarsInLog = 0;
		};
		A6E1D2E0196F8E621018756F /* [CP] Copy Pods Resources */ = {
			isa = PBXShellScriptBuildPhase;
			buildActionMask = 2147483647;
			files = (
			);
			inputPaths = (
			);
			name = "[CP] Copy Pods Resources";
			outputPaths = (
			);
			runOnlyForDeploymentPostprocessing = 0;
			shellPath = /bin/sh;
			shellScript = "\"${SRCROOT}/Pods/Target Support Files/Pods-pokedexx/Pods-pokedexx-resources.sh\"\n";
			showEnvVarsInLog = 0;
		};
		BA42AE2AE95117DD570CAC98 /* [CP] Check Pods Manifest.lock */ = {
			isa = PBXShellScriptBuildPhase;
			buildActionMask = 2147483647;
			files = (
			);
			inputPaths = (
			);
			name = "[CP] Check Pods Manifest.lock";
			outputPaths = (
			);
			runOnlyForDeploymentPostprocessing = 0;
			shellPath = /bin/sh;
			shellScript = "diff \"${PODS_ROOT}/../Podfile.lock\" \"${PODS_ROOT}/Manifest.lock\" > /dev/null\nif [ $? != 0 ] ; then\n    # print error to STDERR\n    echo \"error: The sandbox is not in sync with the Podfile.lock. Run 'pod install' or update your CocoaPods installation.\" >&2\n    exit 1\nfi\n";
			showEnvVarsInLog = 0;
		};
/* End PBXShellScriptBuildPhase section */

/* Begin PBXSourcesBuildPhase section */
		3D95DF761E90E51D008B72EC /* Sources */ = {
			isa = PBXSourcesBuildPhase;
			buildActionMask = 2147483647;
			files = (
				3D0E67141E97E91800C9F07E /* PokedexTableViewCell.swift in Sources */,
				3D60CB3F1E9A1B8D009C565A /* DataManager.swift in Sources */,
				3D2281701EBDF78500B440DF /* Abilities.swift in Sources */,
				3D95DF971E90E708008B72EC /* Constants.swift in Sources */,
				3DF326C11E98E1DC0020836F /* PokemonDetailViewController.swift in Sources */,
				3D2281751EC0A1E100B440DF /* MegaEvolution.swift in Sources */,
				3D22816C1EBCE07600B440DF /* csv.swift in Sources */,
				3D202FC01EC0C67F007450B9 /* PokemonDetail+CoreDataClass.swift in Sources */,
				3DDEB1721EBB707000371C33 /* EvolutionChain.swift in Sources */,
				3D3CC6BD1E9A7D27000A1AE1 /* Enums.swift in Sources */,
				3D3CC6BB1E9A2DF1000A1AE1 /* ServerController.swift in Sources */,
				3D2281671EBCCE8200B440DF /* String+Extension.swift in Sources */,
				3D202FC11EC0C67F007450B9 /* PokemonDetail+CoreDataProperties.swift in Sources */,
				3D202FD81EC61EE1007450B9 /* Ability+CoreDataProperties.swift in Sources */,
				3D2C64D11E9A07570077181C /* UIColor+Hex.swift in Sources */,
				3D202FBE1EC0C67F007450B9 /* Pokemon+CoreDataClass.swift in Sources */,
				3D95DF7E1E90E51D008B72EC /* AppDelegate.swift in Sources */,
				3D95DF861E90E51D008B72EC /* pokedexx.xcdatamodeld in Sources */,
				3D60CB411E9A1C0C009C565A /* FileManager+Document.swift in Sources */,
				3D3CC6B91E9A2BB8000A1AE1 /* Parser.swift in Sources */,
				3D2C64CA1E99E1110077181C /* Capsule.swift in Sources */,
				3D7EBC9C1EA0EEE6004188F0 /* LoadingScreen.swift in Sources */,
				3D202FD51EC61EE1007450B9 /* PokemonAbilities+CoreDataClass.swift in Sources */,
				3D95DF9A1E90EB0D008B72EC /* PokemonDao.swift in Sources */,
				3D202FD71EC61EE1007450B9 /* Ability+CoreDataClass.swift in Sources */,
				3D3CC6BF1E9A7F4E000A1AE1 /* Common.swift in Sources */,
				3D202FD61EC61EE1007450B9 /* PokemonAbilities+CoreDataProperties.swift in Sources */,
				3DDEB16B1EBB645600371C33 /* EvolutionItem.swift in Sources */,
				3D202FBF1EC0C67F007450B9 /* Pokemon+CoreDataProperties.swift in Sources */,
				3D0E67121E97E8F200C9F07E /* PokedexTableViewController.swift in Sources */,
			);
			runOnlyForDeploymentPostprocessing = 0;
		};
/* End PBXSourcesBuildPhase section */

/* Begin PBXVariantGroup section */
		3D95DF811E90E51D008B72EC /* Main.storyboard */ = {
			isa = PBXVariantGroup;
			children = (
				3D95DF821E90E51D008B72EC /* Base */,
			);
			name = Main.storyboard;
			sourceTree = "<group>";
		};
		3D95DF891E90E51D008B72EC /* LaunchScreen.storyboard */ = {
			isa = PBXVariantGroup;
			children = (
				3D95DF8A1E90E51D008B72EC /* Base */,
			);
			name = LaunchScreen.storyboard;
			sourceTree = "<group>";
		};
/* End PBXVariantGroup section */

/* Begin XCBuildConfiguration section */
		3D95DF8D1E90E51D008B72EC /* Debug */ = {
			isa = XCBuildConfiguration;
			buildSettings = {
				ALWAYS_SEARCH_USER_PATHS = NO;
				CLANG_ANALYZER_NONNULL = YES;
				CLANG_CXX_LANGUAGE_STANDARD = "gnu++0x";
				CLANG_CXX_LIBRARY = "libc++";
				CLANG_ENABLE_MODULES = YES;
				CLANG_ENABLE_OBJC_ARC = YES;
				CLANG_WARN_BOOL_CONVERSION = YES;
				CLANG_WARN_CONSTANT_CONVERSION = YES;
				CLANG_WARN_DIRECT_OBJC_ISA_USAGE = YES_ERROR;
				CLANG_WARN_DOCUMENTATION_COMMENTS = YES;
				CLANG_WARN_EMPTY_BODY = YES;
				CLANG_WARN_ENUM_CONVERSION = YES;
				CLANG_WARN_INFINITE_RECURSION = YES;
				CLANG_WARN_INT_CONVERSION = YES;
				CLANG_WARN_OBJC_ROOT_CLASS = YES_ERROR;
				CLANG_WARN_SUSPICIOUS_MOVES = YES;
				CLANG_WARN_UNREACHABLE_CODE = YES;
				CLANG_WARN__DUPLICATE_METHOD_MATCH = YES;
				CODE_SIGN_IDENTITY = "iPhone Developer: Vince Edgar Noel (7LU8EZJJ69)";
				"CODE_SIGN_IDENTITY[sdk=iphoneos*]" = "iPhone Developer: Vince Edgar Noel (7LU8EZJJ69)";
				COPY_PHASE_STRIP = NO;
				DEBUG_INFORMATION_FORMAT = dwarf;
				ENABLE_STRICT_OBJC_MSGSEND = YES;
				ENABLE_TESTABILITY = YES;
				GCC_C_LANGUAGE_STANDARD = gnu99;
				GCC_DYNAMIC_NO_PIC = NO;
				GCC_NO_COMMON_BLOCKS = YES;
				GCC_OPTIMIZATION_LEVEL = 0;
				GCC_PREPROCESSOR_DEFINITIONS = (
					"DEBUG=1",
					"$(inherited)",
				);
				GCC_WARN_64_TO_32_BIT_CONVERSION = YES;
				GCC_WARN_ABOUT_RETURN_TYPE = YES_ERROR;
				GCC_WARN_UNDECLARED_SELECTOR = YES;
				GCC_WARN_UNINITIALIZED_AUTOS = YES_AGGRESSIVE;
				GCC_WARN_UNUSED_FUNCTION = YES;
				GCC_WARN_UNUSED_VARIABLE = YES;
				IPHONEOS_DEPLOYMENT_TARGET = 10.1;
				MTL_ENABLE_DEBUG_INFO = YES;
				ONLY_ACTIVE_ARCH = YES;
				SDKROOT = iphoneos;
				SWIFT_ACTIVE_COMPILATION_CONDITIONS = DEBUG;
				SWIFT_OPTIMIZATION_LEVEL = "-Onone";
				TARGETED_DEVICE_FAMILY = "1,2";
			};
			name = Debug;
		};
		3D95DF8E1E90E51D008B72EC /* Release */ = {
			isa = XCBuildConfiguration;
			buildSettings = {
				ALWAYS_SEARCH_USER_PATHS = NO;
				CLANG_ANALYZER_NONNULL = YES;
				CLANG_CXX_LANGUAGE_STANDARD = "gnu++0x";
				CLANG_CXX_LIBRARY = "libc++";
				CLANG_ENABLE_MODULES = YES;
				CLANG_ENABLE_OBJC_ARC = YES;
				CLANG_WARN_BOOL_CONVERSION = YES;
				CLANG_WARN_CONSTANT_CONVERSION = YES;
				CLANG_WARN_DIRECT_OBJC_ISA_USAGE = YES_ERROR;
				CLANG_WARN_DOCUMENTATION_COMMENTS = YES;
				CLANG_WARN_EMPTY_BODY = YES;
				CLANG_WARN_ENUM_CONVERSION = YES;
				CLANG_WARN_INFINITE_RECURSION = YES;
				CLANG_WARN_INT_CONVERSION = YES;
				CLANG_WARN_OBJC_ROOT_CLASS = YES_ERROR;
				CLANG_WARN_SUSPICIOUS_MOVES = YES;
				CLANG_WARN_UNREACHABLE_CODE = YES;
				CLANG_WARN__DUPLICATE_METHOD_MATCH = YES;
				CODE_SIGN_IDENTITY = "iPhone Developer: Vince Edgar Noel (7LU8EZJJ69)";
				"CODE_SIGN_IDENTITY[sdk=iphoneos*]" = "iPhone Developer: Vince Edgar Noel (7LU8EZJJ69)";
				COPY_PHASE_STRIP = NO;
				DEBUG_INFORMATION_FORMAT = "dwarf-with-dsym";
				ENABLE_NS_ASSERTIONS = NO;
				ENABLE_STRICT_OBJC_MSGSEND = YES;
				GCC_C_LANGUAGE_STANDARD = gnu99;
				GCC_NO_COMMON_BLOCKS = YES;
				GCC_WARN_64_TO_32_BIT_CONVERSION = YES;
				GCC_WARN_ABOUT_RETURN_TYPE = YES_ERROR;
				GCC_WARN_UNDECLARED_SELECTOR = YES;
				GCC_WARN_UNINITIALIZED_AUTOS = YES_AGGRESSIVE;
				GCC_WARN_UNUSED_FUNCTION = YES;
				GCC_WARN_UNUSED_VARIABLE = YES;
				IPHONEOS_DEPLOYMENT_TARGET = 10.1;
				MTL_ENABLE_DEBUG_INFO = NO;
				SDKROOT = iphoneos;
				SWIFT_OPTIMIZATION_LEVEL = "-Owholemodule";
				TARGETED_DEVICE_FAMILY = "1,2";
				VALIDATE_PRODUCT = YES;
			};
			name = Release;
		};
		3D95DF901E90E51D008B72EC /* Debug */ = {
			isa = XCBuildConfiguration;
			baseConfigurationReference = 88561750F5AF142B7F458BF1 /* Pods-pokedexx.debug.xcconfig */;
			buildSettings = {
				ASSETCATALOG_COMPILER_APPICON_NAME = AppIcon;
				"CODE_SIGN_IDENTITY[sdk=iphoneos*]" = "iPhone Developer";
				DEVELOPMENT_TEAM = 52JSFZ9F97;
				INFOPLIST_FILE = pokedexx/Info.plist;
				IPHONEOS_DEPLOYMENT_TARGET = 10.0;
				LD_RUNPATH_SEARCH_PATHS = "$(inherited) @executable_path/Frameworks";
				PRODUCT_BUNDLE_IDENTIFIER = com.kyocera.kfs;
				PRODUCT_NAME = "$(TARGET_NAME)";
				PROVISIONING_PROFILE_SPECIFIER = "";
				SWIFT_VERSION = 3.0;
				TARGETED_DEVICE_FAMILY = 1;
			};
			name = Debug;
		};
		3D95DF911E90E51D008B72EC /* Release */ = {
			isa = XCBuildConfiguration;
			baseConfigurationReference = 1E5514574E355BDCEB6112AA /* Pods-pokedexx.release.xcconfig */;
			buildSettings = {
				ASSETCATALOG_COMPILER_APPICON_NAME = AppIcon;
				"CODE_SIGN_IDENTITY[sdk=iphoneos*]" = "iPhone Developer";
				DEVELOPMENT_TEAM = 52JSFZ9F97;
				INFOPLIST_FILE = pokedexx/Info.plist;
				IPHONEOS_DEPLOYMENT_TARGET = 10.0;
				LD_RUNPATH_SEARCH_PATHS = "$(inherited) @executable_path/Frameworks";
				PRODUCT_BUNDLE_IDENTIFIER = com.kyocera.kfs;
				PRODUCT_NAME = "$(TARGET_NAME)";
				PROVISIONING_PROFILE_SPECIFIER = "";
				SWIFT_VERSION = 3.0;
				TARGETED_DEVICE_FAMILY = 1;
			};
			name = Release;
		};
/* End XCBuildConfiguration section */

/* Begin XCConfigurationList section */
		3D95DF751E90E51D008B72EC /* Build configuration list for PBXProject "pokedexx" */ = {
			isa = XCConfigurationList;
			buildConfigurations = (
				3D95DF8D1E90E51D008B72EC /* Debug */,
				3D95DF8E1E90E51D008B72EC /* Release */,
			);
			defaultConfigurationIsVisible = 0;
			defaultConfigurationName = Release;
		};
		3D95DF8F1E90E51D008B72EC /* Build configuration list for PBXNativeTarget "pokedexx" */ = {
			isa = XCConfigurationList;
			buildConfigurations = (
				3D95DF901E90E51D008B72EC /* Debug */,
				3D95DF911E90E51D008B72EC /* Release */,
			);
			defaultConfigurationIsVisible = 0;
			defaultConfigurationName = Release;
		};
/* End XCConfigurationList section */

/* Begin XCVersionGroup section */
		3D95DF841E90E51D008B72EC /* pokedexx.xcdatamodeld */ = {
			isa = XCVersionGroup;
			children = (
				3D95DF851E90E51D008B72EC /* pokedexx.xcdatamodel */,
			);
			currentVersion = 3D95DF851E90E51D008B72EC /* pokedexx.xcdatamodel */;
			path = pokedexx.xcdatamodeld;
			sourceTree = "<group>";
			versionGroupType = wrapper.xcdatamodel;
		};
/* End XCVersionGroup section */
	};
	rootObject = 3D95DF721E90E51D008B72EC /* Project object */;
}
